{
  "name": "pianotrees",
  "version": "1.0.0",
  "lockfileVersion": 1,
  "requires": true,
  "dependencies": {
    "@tonejs/piano": {
      "version": "0.1.3",
      "resolved": "https://registry.npmjs.org/@tonejs/piano/-/piano-0.1.3.tgz",
      "integrity": "sha512-hqDeMhqk9APn4zMzM7z8BQ8xHbWv4xLlpIBUcQBBCJ2tmzmbs2lTvUGCKCeb5AKlg3ZRChOhdFPvwJ08YAsSqQ=="
    },
    "midi-note": {
      "version": "1.0.0",
      "resolved": "https://registry.npmjs.org/midi-note/-/midi-note-1.0.0.tgz",
      "integrity": "sha1-++hy3bca2jsGuz5vTYMATdSHvb0="
    },
    "webmidi": {
      "version": "2.5.1",
      "resolved": "https://registry.npmjs.org/webmidi/-/webmidi-2.5.1.tgz",
      "integrity": "sha512-rX9/vBBSnSZR04ZZcLWCe/ujOizH9f/Q9HX11+Zw+HHwOy7edUTbbC3Axc2RjoiDQ2W7RkK1tY4yv0nYSfUcJg=="
    }
  }
}
